
Microsoft Visual Studio Solution File, Format Version 12.00
# RemObjects Fire
Project("{656346D9-4656-40DA-A068-22D5425D4639}") = "RemObjects.InternetPack", "RemObjects.InternetPack.elements", "{774B9AE9-B695-4908-B24F-5482556D6175}"
EndProject
Project("{656346D9-4656-40DA-A068-22D5425D4639}") = "RemObjects.InternetPack.Island.Windows", "RemObjects.InternetPack.Island.Windows.elements", "{D95A0330-C681-4114-8EE2-A7DCBB7D0972}"
EndProject
Project("{656346D9-4656-40DA-A068-22D5425D4639}") = "RemObjects.InternetPack.Shared", "RemObjects.InternetPack.Shared.elements", "{2123E0BC-AD64-4083-B40F-994E170E5917}"
EndProject
Project("{656346D9-4656-40DA-A068-22D5425D4639}") = "RemObjects.InternetPack.Shared.Base", "RemObjects.InternetPack.Shared.Base.elements", "{2435289C-B662-4110-8C83-8BF70878094F}"
EndProject
Global
	GlobalSection(SolutionConfigurationPlatforms) = preSolution
		Mono|AnyCPU = Mono|AnyCPU
		Release|AnyCPU = Release|AnyCPU
		Trial|AnyCPU = Trial|AnyCPU
		IDE|AnyCPU = IDE|AnyCPU
		Debug|AnyCPU = Debug|AnyCPU
		Licensed|AnyCPU = Licensed|AnyCPU
	EndGlobalSection
	GlobalSection(ProjectConfigurationPlatforms) = postSolution
		{774B9AE9-B695-4908-B24F-5482556D6175}.Mono|AnyCPU.ActiveCfg = Mono|AnyCPU
		{774B9AE9-B695-4908-B24F-5482556D6175}.Mono|AnyCPU.Build.0 = Mono|AnyCPU
		{774B9AE9-B695-4908-B24F-5482556D6175}.Release|AnyCPU.ActiveCfg = Release|AnyCPU
		{774B9AE9-B695-4908-B24F-5482556D6175}.Release|AnyCPU.Build.0 = Release|AnyCPU
		{774B9AE9-B695-4908-B24F-5482556D6175}.Trial|AnyCPU.ActiveCfg = Trial|AnyCPU
		{774B9AE9-B695-4908-B24F-5482556D6175}.Trial|AnyCPU.Build.0 = Trial|AnyCPU
		{774B9AE9-B695-4908-B24F-5482556D6175}.IDE|AnyCPU.ActiveCfg = IDE|AnyCPU
		{774B9AE9-B695-4908-B24F-5482556D6175}.IDE|AnyCPU.Build.0 = IDE|AnyCPU
		{774B9AE9-B695-4908-B24F-5482556D6175}.Debug|AnyCPU.ActiveCfg = Debug|AnyCPU
		{774B9AE9-B695-4908-B24F-5482556D6175}.Debug|AnyCPU.Build.0 = Debug|AnyCPU
		{774B9AE9-B695-4908-B24F-5482556D6175}.Licensed|AnyCPU.ActiveCfg = Licensed|AnyCPU
		{774B9AE9-B695-4908-B24F-5482556D6175}.Licensed|AnyCPU.Build.0 = Licensed|AnyCPU
		{D95A0330-C681-4114-8EE2-A7DCBB7D0972}.Mono|AnyCPU.ActiveCfg = Mono|AnyCPU
		{D95A0330-C681-4114-8EE2-A7DCBB7D0972}.Mono|AnyCPU.Build.0 = Mono|AnyCPU
		{D95A0330-C681-4114-8EE2-A7DCBB7D0972}.Release|AnyCPU.ActiveCfg = Release|AnyCPU
		{D95A0330-C681-4114-8EE2-A7DCBB7D0972}.Release|AnyCPU.Build.0 = Release|AnyCPU
		{D95A0330-C681-4114-8EE2-A7DCBB7D0972}.Trial|AnyCPU.ActiveCfg = Trial|AnyCPU
		{D95A0330-C681-4114-8EE2-A7DCBB7D0972}.Trial|AnyCPU.Build.0 = Trial|AnyCPU
		{D95A0330-C681-4114-8EE2-A7DCBB7D0972}.IDE|AnyCPU.ActiveCfg = IDE|AnyCPU
		{D95A0330-C681-4114-8EE2-A7DCBB7D0972}.IDE|AnyCPU.Build.0 = IDE|AnyCPU
		{D95A0330-C681-4114-8EE2-A7DCBB7D0972}.Debug|AnyCPU.ActiveCfg = Debug|AnyCPU
		{D95A0330-C681-4114-8EE2-A7DCBB7D0972}.Debug|AnyCPU.Build.0 = Debug|AnyCPU
		{D95A0330-C681-4114-8EE2-A7DCBB7D0972}.Licensed|AnyCPU.ActiveCfg = Licensed|AnyCPU
		{D95A0330-C681-4114-8EE2-A7DCBB7D0972}.Licensed|AnyCPU.Build.0 = Licensed|AnyCPU
		{2123E0BC-AD64-4083-B40F-994E170E5917}.Mono|AnyCPU.ActiveCfg = Mono|AnyCPU
		{2123E0BC-AD64-4083-B40F-994E170E5917}.Release|AnyCPU.ActiveCfg = Release|AnyCPU
		{2123E0BC-AD64-4083-B40F-994E170E5917}.Trial|AnyCPU.ActiveCfg = Trial|AnyCPU
		{2123E0BC-AD64-4083-B40F-994E170E5917}.IDE|AnyCPU.ActiveCfg = IDE|AnyCPU
		{2123E0BC-AD64-4083-B40F-994E170E5917}.Debug|AnyCPU.ActiveCfg = Debug|AnyCPU
		{2123E0BC-AD64-4083-B40F-994E170E5917}.Licensed|AnyCPU.ActiveCfg = Licensed|AnyCPU
		{2435289C-B662-4110-8C83-8BF70878094F}.Mono|AnyCPU.ActiveCfg = Mono|AnyCPU
		{2435289C-B662-4110-8C83-8BF70878094F}.Release|AnyCPU.ActiveCfg = Release|AnyCPU
		{2435289C-B662-4110-8C83-8BF70878094F}.Trial|AnyCPU.ActiveCfg = Trial|AnyCPU
		{2435289C-B662-4110-8C83-8BF70878094F}.IDE|AnyCPU.ActiveCfg = IDE|AnyCPU
		{2435289C-B662-4110-8C83-8BF70878094F}.Debug|AnyCPU.ActiveCfg = Debug|AnyCPU
		{2435289C-B662-4110-8C83-8BF70878094F}.Licensed|AnyCPU.ActiveCfg = Licensed|AnyCPU
	EndGlobalSection
	GlobalSection(SolutionProperties) = preSolution
		HideSolutionNode = FALSE
	EndGlobalSection
EndGlobal