
Microsoft Visual Studio Solution File, Format Version 14.00
# Visual Studio 2015
Project("{FAE04EC0-301F-11D3-BF4B-00C04F79EFBC}") = "SMTP Client", "SMTP Client.2015.csproj", "{87FD38B4-EDF1-48CE-ADBA-64E9C0D1DF1A}"
EndProject
Global
	GlobalSection(SolutionConfigurationPlatforms) = preSolution
		Debug|Any CPU = Debug|Any CPU
		Release|Any CPU = Release|Any CPU
	EndGlobalSection
	GlobalSection(ProjectConfigurationPlatforms) = postSolution
		{87FD38B4-EDF1-48CE-ADBA-64E9C0D1DF1A}.Debug|Any CPU.ActiveCfg = Debug|Any CPU
		{87FD38B4-EDF1-48CE-ADBA-64E9C0D1DF1A}.Debug|Any CPU.Build.0 = Debug|Any CPU
		{87FD38B4-EDF1-48CE-ADBA-64E9C0D1DF1A}.Release|Any CPU.ActiveCfg = Release|Any CPU
		{87FD38B4-EDF1-48CE-ADBA-64E9C0D1DF1A}.Release|Any CPU.Build.0 = Release|Any CPU
	EndGlobalSection
	GlobalSection(SolutionProperties) = preSolution
		HideSolutionNode = FALSE
	EndGlobalSection
EndGlobal
