
Microsoft Visual Studio Solution File, Format Version 13.00
# Visual Studio 2013
Project("{FAE04EC0-301F-11D3-BF4B-00C04F79EFBC}") = "HTTPSpy.2013", "HTTPSpy.2013.csproj", "{E2A1390A-0AFA-4ACF-9DA3-917E832901F5}"
EndProject
Global
	GlobalSection(SolutionConfigurationPlatforms) = preSolution
		Debug|Any CPU = Debug|Any CPU
		IDE|Any CPU = IDE|Any CPU
		Release|Any CPU = Release|Any CPU
		RO|Any CPU = RO|Any CPU
	EndGlobalSection
	GlobalSection(ProjectConfigurationPlatforms) = postSolution
		{E2A1390A-0AFA-4ACF-9DA3-917E832901F5}.Debug|Any CPU.ActiveCfg = Debug|Any CPU
		{E2A1390A-0AFA-4ACF-9DA3-917E832901F5}.Debug|Any CPU.Build.0 = Debug|Any CPU
		{E2A1390A-0AFA-4ACF-9DA3-917E832901F5}.IDE|Any CPU.ActiveCfg = Release|Any CPU
		{E2A1390A-0AFA-4ACF-9DA3-917E832901F5}.IDE|Any CPU.Build.0 = Release|Any CPU
		{E2A1390A-0AFA-4ACF-9DA3-917E832901F5}.Release|Any CPU.ActiveCfg = Release|Any CPU
		{E2A1390A-0AFA-4ACF-9DA3-917E832901F5}.Release|Any CPU.Build.0 = Release|Any CPU
		{E2A1390A-0AFA-4ACF-9DA3-917E832901F5}.RO|Any CPU.ActiveCfg = Release|Any CPU
		{E2A1390A-0AFA-4ACF-9DA3-917E832901F5}.RO|Any CPU.Build.0 = Release|Any CPU
	EndGlobalSection
	GlobalSection(SolutionProperties) = preSolution
		HideSolutionNode = FALSE
	EndGlobalSection
EndGlobal
