
Microsoft Visual Studio Solution File, Format Version 12.00
# Visual Studio 2012
Project("{FAE04EC0-301F-11D3-BF4B-00C04F79EFBC}") = "HttpResponses", "HttpResponses.2012.csproj", "{49A6BF8D-6D7C-4C3B-A7F4-4E14B6F0EAAD}"
EndProject
Global
	GlobalSection(SolutionConfigurationPlatforms) = preSolution
		Debug|Any CPU = Debug|Any CPU
		Release|Any CPU = Release|Any CPU
	EndGlobalSection
	GlobalSection(ProjectConfigurationPlatforms) = postSolution
		{49A6BF8D-6D7C-4C3B-A7F4-4E14B6F0EAAD}.Debug|Any CPU.ActiveCfg = Debug|Any CPU
		{49A6BF8D-6D7C-4C3B-A7F4-4E14B6F0EAAD}.Debug|Any CPU.Build.0 = Debug|Any CPU
		{49A6BF8D-6D7C-4C3B-A7F4-4E14B6F0EAAD}.Release|Any CPU.ActiveCfg = Release|Any CPU
		{49A6BF8D-6D7C-4C3B-A7F4-4E14B6F0EAAD}.Release|Any CPU.Build.0 = Release|Any CPU
	EndGlobalSection
	GlobalSection(SolutionProperties) = preSolution
		HideSolutionNode = FALSE
	EndGlobalSection
EndGlobal
