
Microsoft Visual Studio Solution File, Format Version 10.00
# Visual Studio 2008
Project("{F184B08F-C81C-45F6-A57F-5ABD9991F28F}") = "HttpSpy", "HttpSpy.2008.vbproj", "{DBBF660A-6931-4C8B-9048-0FFCA1CB8308}"
EndProject
Global
	GlobalSection(SolutionConfigurationPlatforms) = preSolution
		Debug|Any CPU = Debug|Any CPU
		Release|Any CPU = Release|Any CPU
	EndGlobalSection
	GlobalSection(ProjectConfigurationPlatforms) = postSolution
		{DBBF660A-6931-4C8B-9048-0FFCA1CB8308}.Debug|Any CPU.ActiveCfg = Debug|Any CPU
		{DBBF660A-6931-4C8B-9048-0FFCA1CB8308}.Debug|Any CPU.Build.0 = Debug|Any CPU
		{DBBF660A-6931-4C8B-9048-0FFCA1CB8308}.Release|Any CPU.ActiveCfg = Release|Any CPU
		{DBBF660A-6931-4C8B-9048-0FFCA1CB8308}.Release|Any CPU.Build.0 = Release|Any CPU
	EndGlobalSection
	GlobalSection(SolutionProperties) = preSolution
		HideSolutionNode = FALSE
	EndGlobalSection
EndGlobal
