
Microsoft Visual Studio Solution File, Format Version 12.00
# RemObjects Fire
Project("{656346d9-4656-40da-a068-22d5425d4639}") = "RemObjects.InternetPack.Echoes", "..\..\..\Source\RemObjects.InternetPack.Echoes.elements", "{774b9ae9-b695-4908-b24f-5482556d6175}"
EndProject
Project("{656346d9-4656-40da-a068-22d5425d4639}") = "RemObjects.InternetPack.Shared", "..\..\..\Source\RemObjects.InternetPack.Shared.elements", "{2123e0bc-ad64-4083-b40f-994e170e5917}"
EndProject
Project("{656346d9-4656-40da-a068-22d5425d4639}") = "RemObjects.InternetPack.Shared.Base", "..\..\..\Source\RemObjects.InternetPack.Shared.Base.elements", "{2435289c-b662-4110-8c83-8bf70878094f}"
EndProject
Project("{656346d9-4656-40da-a068-22d5425d4639}") = "SampleServer", "SampleServer.oxygene", "{90e5fbce-0445-40db-bec8-933b393487fe}"
EndProject
Global
	GlobalSection(SolutionConfigurationPlatforms) = preSolution
		Debug|AnyCPU = Debug|AnyCPU
		Release|AnyCPU = Release|AnyCPU
	EndGlobalSection
	GlobalSection(ProjectConfigurationPlatforms) = postSolution
		{774b9ae9-b695-4908-b24f-5482556d6175}.Debug|AnyCPU.ActiveCfg = Debug|AnyCPU
		{774b9ae9-b695-4908-b24f-5482556d6175}.Debug|AnyCPU.Build.0 = Debug|AnyCPU
		{774b9ae9-b695-4908-b24f-5482556d6175}.Release|AnyCPU.ActiveCfg = Release|AnyCPU
		{774b9ae9-b695-4908-b24f-5482556d6175}.Release|AnyCPU.Build.0 = Release|AnyCPU
		{90e5fbce-0445-40db-bec8-933b393487fe}.Debug|AnyCPU.ActiveCfg = Debug|AnyCPU
		{90e5fbce-0445-40db-bec8-933b393487fe}.Debug|AnyCPU.Build.0 = Debug|AnyCPU
		{90e5fbce-0445-40db-bec8-933b393487fe}.Release|AnyCPU.ActiveCfg = Release|AnyCPU
		{90e5fbce-0445-40db-bec8-933b393487fe}.Release|AnyCPU.Build.0 = Release|AnyCPU
	EndGlobalSection
	GlobalSection(SolutionProperties) = preSolution
		HideSolutionNode = FALSE
	EndGlobalSection
EndGlobal