
Microsoft Visual Studio Solution File, Format Version 12.00
# RemObjects Fire
Project("{656346D9-4656-40DA-A068-22D5425D4639}") = "RemObjects.InternetPack.Cooper", "RemObjects.InternetPack.Cooper.elements", "{5CF4D43E-E14D-4AD8-9D38-82CDF2AD543D}"
EndProject
Project("{656346D9-4656-40DA-A068-22D5425D4639}") = "RemObjects.InternetPack.Echoes", "RemObjects.InternetPack.Echoes.elements", "{774B9AE9-B695-4908-B24F-5482556D6175}"
EndProject
Project("{656346D9-4656-40DA-A068-22D5425D4639}") = "RemObjects.InternetPack.Island.Linux", "RemObjects.InternetPack.Island.Linux.elements", "{67372E98-71A2-4578-8C21-841B9D849021}"
EndProject
Project("{656346D9-4656-40DA-A068-22D5425D4639}") = "RemObjects.InternetPack.Island.Windows", "RemObjects.InternetPack.Island.Windows.elements", "{D95A0330-C681-4114-8EE2-A7DCBB7D0972}"
EndProject
Project("{656346D9-4656-40DA-A068-22D5425D4639}") = "RemObjects.InternetPack.Shared", "RemObjects.InternetPack.Shared.elements", "{2123E0BC-AD64-4083-B40F-994E170E5917}"
EndProject
Project("{656346D9-4656-40DA-A068-22D5425D4639}") = "RemObjects.InternetPack.Shared.Base", "RemObjects.InternetPack.Shared.Base.elements", "{2435289C-B662-4110-8C83-8BF70878094F}"
EndProject
Project("{656346D9-4656-40DA-A068-22D5425D4639}") = "RemObjects.InternetPack.Toffee.iOS", "RemObjects.InternetPack.Toffee.iOS.elements", "{4C7346AB-EB0D-454B-9B4F-93596472063F}"
EndProject
Project("{656346D9-4656-40DA-A068-22D5425D4639}") = "RemObjects.InternetPack.Toffee.macOS", "RemObjects.InternetPack.Toffee.macOS.elements", "{D09979C9-4077-44A9-A055-610C86E53FC7}"
EndProject
Project("{656346D9-4656-40DA-A068-22D5425D4639}") = "RemObjects.InternetPack.Toffee.tvOS", "RemObjects.InternetPack.Toffee.tvOS.elements", "{889ED07E-5E86-41DC-A173-38C31493E4D9}"
EndProject
Project("{656346D9-4656-40DA-A068-22D5425D4639}") = "RemObjects.InternetPack.Toffee.watchOS", "RemObjects.InternetPack.Toffee.watchOS.elements", "{332A5421-F39A-4A3A-88F6-8808F4A3F546}"
EndProject
Global
	GlobalSection(SolutionConfigurationPlatforms) = preSolution
		Debug|AnyCPU = Debug|AnyCPU
		Release|AnyCPU = Release|AnyCPU
	EndGlobalSection
	GlobalSection(ProjectConfigurationPlatforms) = postSolution
		{5CF4D43E-E14D-4AD8-9D38-82CDF2AD543D}.Debug|AnyCPU.ActiveCfg = Debug|AnyCPU
		{5CF4D43E-E14D-4AD8-9D38-82CDF2AD543D}.Debug|AnyCPU.Build.0 = Debug|AnyCPU
		{5CF4D43E-E14D-4AD8-9D38-82CDF2AD543D}.Release|AnyCPU.ActiveCfg = Release|AnyCPU
		{5CF4D43E-E14D-4AD8-9D38-82CDF2AD543D}.Release|AnyCPU.Build.0 = Release|AnyCPU
		{774B9AE9-B695-4908-B24F-5482556D6175}.Debug|AnyCPU.ActiveCfg = Debug|AnyCPU
		{774B9AE9-B695-4908-B24F-5482556D6175}.Debug|AnyCPU.Build.0 = Debug|AnyCPU
		{774B9AE9-B695-4908-B24F-5482556D6175}.Release|AnyCPU.ActiveCfg = Release|AnyCPU
		{774B9AE9-B695-4908-B24F-5482556D6175}.Release|AnyCPU.Build.0 = Release|AnyCPU
		{67372E98-71A2-4578-8C21-841B9D849021}.Debug|AnyCPU.ActiveCfg = Debug|AnyCPU
		{67372E98-71A2-4578-8C21-841B9D849021}.Debug|AnyCPU.Build.0 = Debug|AnyCPU
		{67372E98-71A2-4578-8C21-841B9D849021}.Release|AnyCPU.ActiveCfg = Release|AnyCPU
		{67372E98-71A2-4578-8C21-841B9D849021}.Release|AnyCPU.Build.0 = Release|AnyCPU
		{D95A0330-C681-4114-8EE2-A7DCBB7D0972}.Debug|AnyCPU.ActiveCfg = Debug|AnyCPU
		{D95A0330-C681-4114-8EE2-A7DCBB7D0972}.Debug|AnyCPU.Build.0 = Debug|AnyCPU
		{D95A0330-C681-4114-8EE2-A7DCBB7D0972}.Release|AnyCPU.ActiveCfg = Release|AnyCPU
		{D95A0330-C681-4114-8EE2-A7DCBB7D0972}.Release|AnyCPU.Build.0 = Release|AnyCPU
		{4C7346AB-EB0D-454B-9B4F-93596472063F}.Debug|AnyCPU.ActiveCfg = Debug|AnyCPU
		{4C7346AB-EB0D-454B-9B4F-93596472063F}.Debug|AnyCPU.Build.0 = Debug|AnyCPU
		{4C7346AB-EB0D-454B-9B4F-93596472063F}.Release|AnyCPU.ActiveCfg = Release|AnyCPU
		{4C7346AB-EB0D-454B-9B4F-93596472063F}.Release|AnyCPU.Build.0 = Release|AnyCPU
		{D09979C9-4077-44A9-A055-610C86E53FC7}.Debug|AnyCPU.ActiveCfg = Debug|AnyCPU
		{D09979C9-4077-44A9-A055-610C86E53FC7}.Debug|AnyCPU.Build.0 = Debug|AnyCPU
		{D09979C9-4077-44A9-A055-610C86E53FC7}.Release|AnyCPU.ActiveCfg = Release|AnyCPU
		{D09979C9-4077-44A9-A055-610C86E53FC7}.Release|AnyCPU.Build.0 = Release|AnyCPU
		{889ED07E-5E86-41DC-A173-38C31493E4D9}.Debug|AnyCPU.ActiveCfg = Debug|AnyCPU
		{889ED07E-5E86-41DC-A173-38C31493E4D9}.Debug|AnyCPU.Build.0 = Debug|AnyCPU
		{889ED07E-5E86-41DC-A173-38C31493E4D9}.Release|AnyCPU.ActiveCfg = Release|AnyCPU
		{889ED07E-5E86-41DC-A173-38C31493E4D9}.Release|AnyCPU.Build.0 = Release|AnyCPU
		{332A5421-F39A-4A3A-88F6-8808F4A3F546}.Debug|AnyCPU.ActiveCfg = Debug|AnyCPU
		{332A5421-F39A-4A3A-88F6-8808F4A3F546}.Debug|AnyCPU.Build.0 = Debug|AnyCPU
		{332A5421-F39A-4A3A-88F6-8808F4A3F546}.Release|AnyCPU.ActiveCfg = Release|AnyCPU
		{332A5421-F39A-4A3A-88F6-8808F4A3F546}.Release|AnyCPU.Build.0 = Release|AnyCPU
	EndGlobalSection
	GlobalSection(SolutionProperties) = preSolution
		HideSolutionNode = FALSE
	EndGlobalSection
EndGlobal