Microsoft Visual Studio Solution File, Format Version 10.00
# Visual Studio 2008
Project("{FAE04EC0-301F-11D3-BF4B-00C04F79EFBC}") = "RemObjects.InternetPack.CF.2008", "RemObjects.InternetPack\RemObjects.InternetPack.CF.2008.csproj", "{67DA6880-E6C5-4C3A-B84F-80FBCC2FD5DB}"
	ProjectSection(WebsiteProperties) = preProject
		Debug.AspNetCompiler.Debug = "True"
		Release.AspNetCompiler.Debug = "False"
	EndProjectSection
EndProject
Global
	GlobalSection(SolutionConfigurationPlatforms) = preSolution
		Debug|Any CPU = Debug|Any CPU
		Release|Any CPU = Release|Any CPU
	EndGlobalSection
	GlobalSection(ProjectConfigurationPlatforms) = postSolution
		{67DA6880-E6C5-4C3A-B84F-80FBCC2FD5DB}.Debug|Any CPU.ActiveCfg = Debug|Any CPU
		{67DA6880-E6C5-4C3A-B84F-80FBCC2FD5DB}.Debug|Any CPU.Build.0 = Debug|Any CPU
		{67DA6880-E6C5-4C3A-B84F-80FBCC2FD5DB}.Release|Any CPU.ActiveCfg = Release|Any CPU
		{67DA6880-E6C5-4C3A-B84F-80FBCC2FD5DB}.Release|Any CPU.Build.0 = Release|Any CPU
	EndGlobalSection
	GlobalSection(SolutionProperties) = preSolution
		HideSolutionNode = FALSE
	EndGlobalSection
EndGlobal
