Microsoft Visual Studio Solution File, Format Version 10.00
# Visual Studio 2008
Project("{FAE04EC0-301F-11D3-BF4B-00C04F79EFBC}") = "RemObjects.InternetPack.MonoTouch", "RemObjects.InternetPack\RemObjects.InternetPack.MonoTouch.csproj", "{4FC8874C-B3B4-40F1-BB3A-411CE2C1712A}"
EndProject
Global
	GlobalSection(SolutionConfigurationPlatforms) = preSolution
		Debug|iPhoneSimulator = Debug|iPhoneSimulator
		Licensed|iPhoneSimulator = Licensed|iPhoneSimulator
		Release|iPhoneSimulator = Release|iPhoneSimulator
		TRIAL|iPhoneSimulator = TRIAL|iPhoneSimulator
		Debug|iPhone = Debug|iPhone
		Licensed|iPhone = Licensed|iPhone
		Release|iPhone = Release|iPhone
		TRIAL|iPhone = TRIAL|iPhone
	EndGlobalSection
	GlobalSection(ProjectConfigurationPlatforms) = postSolution
		{4FC8874C-B3B4-40F1-BB3A-411CE2C1712A}.Debug|iPhoneSimulator.ActiveCfg = Debug|iPhoneSimulator
		{4FC8874C-B3B4-40F1-BB3A-411CE2C1712A}.Debug|iPhoneSimulator.Build.0 = Debug|iPhoneSimulator
		{4FC8874C-B3B4-40F1-BB3A-411CE2C1712A}.Release|iPhoneSimulator.ActiveCfg = Release|iPhoneSimulator
		{4FC8874C-B3B4-40F1-BB3A-411CE2C1712A}.Release|iPhoneSimulator.Build.0 = Release|iPhoneSimulator
		{4FC8874C-B3B4-40F1-BB3A-411CE2C1712A}.Licensed|iPhoneSimulator.ActiveCfg = Licensed|iPhoneSimulator
		{4FC8874C-B3B4-40F1-BB3A-411CE2C1712A}.Licensed|iPhoneSimulator.Build.0 = Licensed|iPhoneSimulator
		{4FC8874C-B3B4-40F1-BB3A-411CE2C1712A}.TRIAL|iPhoneSimulator.ActiveCfg = TRIAL|iPhoneSimulator
		{4FC8874C-B3B4-40F1-BB3A-411CE2C1712A}.TRIAL|iPhoneSimulator.Build.0 = TRIAL|iPhoneSimulator
		{4FC8874C-B3B4-40F1-BB3A-411CE2C1712A}.Debug|iPhone.ActiveCfg = Debug|iPhone
		{4FC8874C-B3B4-40F1-BB3A-411CE2C1712A}.Debug|iPhone.Build.0 = Debug|iPhone
		{4FC8874C-B3B4-40F1-BB3A-411CE2C1712A}.Licensed|iPhone.ActiveCfg = Licensed|iPhone
		{4FC8874C-B3B4-40F1-BB3A-411CE2C1712A}.Licensed|iPhone.Build.0 = Licensed|iPhone
		{4FC8874C-B3B4-40F1-BB3A-411CE2C1712A}.Release|iPhone.ActiveCfg = Release|iPhone
		{4FC8874C-B3B4-40F1-BB3A-411CE2C1712A}.Release|iPhone.Build.0 = Release|iPhone
		{4FC8874C-B3B4-40F1-BB3A-411CE2C1712A}.TRIAL|iPhone.ActiveCfg = TRIAL|iPhone
		{4FC8874C-B3B4-40F1-BB3A-411CE2C1712A}.TRIAL|iPhone.Build.0 = TRIAL|iPhone
	EndGlobalSection
	GlobalSection(SolutionProperties) = preSolution
		HideSolutionNode = FALSE
	EndGlobalSection
EndGlobal
