Microsoft Visual Studio Solution File, Format Version 8.00
Project("{FAE04EC0-301F-11D3-BF4B-00C04F79EFBC}") = "RemObjects.InternetPack.2003", "RemObjects.InternetPack\RemObjects.InternetPack.2003.csproj", "{7C02E26A-2522-4C8F-8CAC-4E65854A09DE}"
	ProjectSection(ProjectDependencies) = postProject
	EndProjectSection
EndProject
Project("{FAE04EC0-301F-11D3-BF4B-00C04F79EFBC}") = "RemObjects.InternetPack.VirtualFTP.2003", "RemObjects.InternetPack.VirtualFTP\RemObjects.InternetPack.VirtualFTP.2003.csproj", "{E8E89EC1-4445-4853-9E0B-A18B044069B5}"
	ProjectSection(ProjectDependencies) = postProject
	EndProjectSection
EndProject
Global
	GlobalSection(SolutionConfiguration) = preSolution
		Debug = Debug
		Release = Release
	EndGlobalSection
	GlobalSection(ProjectConfiguration) = postSolution
		{7C02E26A-2522-4C8F-8CAC-4E65854A09DE}.Debug.ActiveCfg = Debug|.NET
		{7C02E26A-2522-4C8F-8CAC-4E65854A09DE}.Debug.Build.0 = Debug|.NET
		{7C02E26A-2522-4C8F-8CAC-4E65854A09DE}.Release.ActiveCfg = Release|.NET
		{7C02E26A-2522-4C8F-8CAC-4E65854A09DE}.Release.Build.0 = Release|.NET
		{E8E89EC1-4445-4853-9E0B-A18B044069B5}.Debug.ActiveCfg = Debug|.NET
		{E8E89EC1-4445-4853-9E0B-A18B044069B5}.Debug.Build.0 = Debug|.NET
		{E8E89EC1-4445-4853-9E0B-A18B044069B5}.Release.ActiveCfg = Release|.NET
		{E8E89EC1-4445-4853-9E0B-A18B044069B5}.Release.Build.0 = Release|.NET
	EndGlobalSection
	GlobalSection(ExtensibilityGlobals) = postSolution
	EndGlobalSection
	GlobalSection(ExtensibilityAddIns) = postSolution
	EndGlobalSection
EndGlobal
