Microsoft Visual Studio Solution File, Format Version 8.00
Project("{20D4826A-C6FA-45DB-90F4-C717570B9F32}") = "RemObjects.InternetPack.CF.2003", "RemObjects.InternetPack\RemObjects.InternetPack.CF.2003.csdproj", "{67DA6880-E6C5-4C3A-B84F-80FBCC2FD5DB}"
	ProjectSection(ProjectDependencies) = postProject
	EndProjectSection
EndProject
Global
	GlobalSection(SolutionConfiguration) = preSolution
		Debug = Debug
		Release = Release
	EndGlobalSection
	GlobalSection(ProjectConfiguration) = postSolution
		{67DA6880-E6C5-4C3A-B84F-80FBCC2FD5DB}.Debug.ActiveCfg = Debug|Pocket PC
		{67DA6880-E6C5-4C3A-B84F-80FBCC2FD5DB}.Debug.Build.0 = Debug|Pocket PC
		{67DA6880-E6C5-4C3A-B84F-80FBCC2FD5DB}.Debug.Deploy.0 = Debug|Pocket PC
		{67DA6880-E6C5-4C3A-B84F-80FBCC2FD5DB}.Release.ActiveCfg = Release|Pocket PC
		{67DA6880-E6C5-4C3A-B84F-80FBCC2FD5DB}.Release.Build.0 = Release|Pocket PC
		{67DA6880-E6C5-4C3A-B84F-80FBCC2FD5DB}.Release.Deploy.0 = Release|Pocket PC
	EndGlobalSection
	GlobalSection(ExtensibilityGlobals) = postSolution
	EndGlobalSection
	GlobalSection(ExtensibilityAddIns) = postSolution
	EndGlobalSection
EndGlobal
